<?xml version="1.0" encoding="utf-8"?>
<Project ToolsVersion="4.0" xmlns="http://schemas.microsoft.com/developer/msbuild/2003">
  <ItemGroup>
    <Filter Include="Source Files">
      <UniqueIdentifier>{4FC737F1-C7A5-4376-A066-2A32D752A2FF}</UniqueIdentifier>
      <Extensions>cpp;c;cc;cxx;def;odl;idl;hpj;bat;asm;asmx</Extensions>
    </Filter>
    <Filter Include="Header Files">
      <UniqueIdentifier>{93995380-89BD-4b04-88EB-625FBE52EBFB}</UniqueIdentifier>
      <Extensions>h;hh;hpp;hxx;hm;inl;inc;ipp;xsd</Extensions>
    </Filter>
    <Filter Include="Resource Files">
      <UniqueIdentifier>{67DA6AB6-F800-4c08-8B7A-83BB121AAD01}</UniqueIdentifier>
      <Extensions>rc;ico;cur;bmp;dlg;rc2;rct;bin;rgs;gif;jpg;jpeg;jpe;resx;tiff;tif;png;wav;mfcribbon-ms</Extensions>
    </Filter>
  </ItemGroup>
  <ItemGroup>
    <ClCompile Include="main.cpp">
      <Filter>Source Files</Filter>
    </ClCompile>
    <ClCompile Include="Screens.cpp">
      <Filter>Source Files</Filter>
    </ClCompile>
    <ClCompile Include="DynamicIcon.cpp">
      <Filter>Source Files</Filter>
    </ClCompile>
    <ClCompile Include="Food.cpp">
      <Filter>Source Files</Filter>
    </ClCompile>
    <ClCompile Include="Character.cpp">
      <Filter>Source Files</Filter>
    </ClCompile>
    <ClCompile Include="PoliceMan.cpp">
      <Filter>Source Files</Filter>
    </ClCompile>
    <ClCompile Include="Pablo.cpp">
      <Filter>Source Files</Filter>
    </ClCompile>
    <ClCompile Include="Gacha.cpp">
      <Filter>Source Files</Filter>
    </ClCompile>
    <ClCompile Include="Dea.cpp">
      <Filter>Source Files</Filter>
    </ClCompile>
    <ClCompile Include="Map.cpp">
      <Filter>Source Files</Filter>
    </ClCompile>
    <ClCompile Include="FileManager.cpp">
      <Filter>Source Files</Filter>
    </ClCompile>
    <ClCompile Include="Gun.cpp">
      <Filter>Source Files</Filter>
    </ClCompile>
    <ClCompile Include="Bullet.cpp">
      <Filter>Source Files</Filter>
    </ClCompile>
    <ClCompile Include="Weed.cpp">
      <Filter>Source Files</Filter>
    </ClCompile>
    <ClCompile Include="Coc.cpp">
      <Filter>Source Files</Filter>
    </ClCompile>
    <ClCompile Include="Beer.cpp">
      <Filter>Source Files</Filter>
    </ClCompile>
    <ClCompile Include="Animal.cpp">
      <Filter>Source Files</Filter>
    </ClCompile>
    <ClCompile Include="Ground1.cpp">
      <Filter>Source Files</Filter>
    </ClCompile>
    <ClCompile Include="Controller.cpp">
      <Filter>Source Files</Filter>
    </ClCompile>
    <ClCompile Include="Collectable.cpp">
      <Filter>Source Files</Filter>
    </ClCompile>
    <ClCompile Include="Level.cpp">
      <Filter>Source Files</Filter>
    </ClCompile>
    <ClCompile Include="Cave.cpp">
      <Filter>Source Files</Filter>
    </ClCompile>
    <ClCompile Include="FactoryDynamic.cpp">
      <Filter>Source Files</Filter>
    </ClCompile>
    <ClCompile Include="FactoryStatic.cpp">
      <Filter>Source Files</Filter>
    </ClCompile>
    <ClCompile Include="AttackingState.cpp">
      <Filter>Source Files</Filter>
    </ClCompile>
    <ClCompile Include="JumpingState.cpp">
      <Filter>Source Files</Filter>
    </ClCompile>
    <ClCompile Include="StandingState.cpp">
      <Filter>Source Files</Filter>
    </ClCompile>
    <ClCompile Include="StaticIcon.cpp">
      <Filter>Source Files</Filter>
    </ClCompile>
    <ClCompile Include="Enemy.cpp">
      <Filter>Source Files</Filter>
    </ClCompile>
    <ClCompile Include="Attack.cpp">
      <Filter>Source Files</Filter>
    </ClCompile>
    <ClCompile Include="Bite.cpp">
      <Filter>Source Files</Filter>
    </ClCompile>
    <ClCompile Include="Stabing.cpp">
      <Filter>Source Files</Filter>
    </ClCompile>
    <ClCompile Include="Shooting.cpp">
      <Filter>Source Files</Filter>
    </ClCompile>
    <ClCompile Include="Move.cpp">
      <Filter>Source Files</Filter>
    </ClCompile>
    <ClCompile Include="PlayerMove.cpp">
      <Filter>Source Files</Filter>
    </ClCompile>
    <ClCompile Include="S2sMove.cpp">
      <Filter>Source Files</Filter>
    </ClCompile>
    <ClCompile Include="Player.cpp">
      <Filter>Source Files</Filter>
    </ClCompile>
    <ClCompile Include="Bomb.cpp">
      <Filter>Source Files</Filter>
    </ClCompile>
    <ClCompile Include="MoveStraight.cpp">
      <Filter>Source Files</Filter>
    </ClCompile>
    <ClCompile Include="TNT.cpp">
      <Filter>Source Files</Filter>
    </ClCompile>
    <ClCompile Include="LeftWalking.cpp">
      <Filter>Source Files</Filter>
    </ClCompile>
    <ClCompile Include="RightWalking.cpp">
      <Filter>Source Files</Filter>
    </ClCompile>
    <ClCompile Include="Knife.cpp">
      <Filter>Source Files</Filter>
    </ClCompile>
    <ClCompile Include="PoilceStation.cpp">
      <Filter>Source Files</Filter>
    </ClCompile>
    <ClCompile Include="Coin.cpp">
      <Filter>Source Files</Filter>
    </ClCompile>
    <ClCompile Include="Money.cpp">
      <Filter>Source Files</Filter>
    </ClCompile>
    <ClCompile Include="MoneyBag.cpp">
      <Filter>Source Files</Filter>
    </ClCompile>
    <ClCompile Include="Energy.cpp">
      <Filter>Source Files</Filter>
    </ClCompile>
    <ClCompile Include="FootBall.cpp">
      <Filter>Source Files</Filter>
    </ClCompile>
    <ClCompile Include="SoccerFrame.cpp">
      <Filter>Source Files</Filter>
    </ClCompile>
    <ClCompile Include="PlayerState.cpp">
      <Filter>Source Files</Filter>
    </ClCompile>
    <ClCompile Include="Menu.cpp">
      <Filter>Source Files</Filter>
    </ClCompile>
    <ClCompile Include="Command.cpp">
      <Filter>Source Files</Filter>
    </ClCompile>
    <ClCompile Include="NewGame.cpp">
      <Filter>Source Files</Filter>
    </ClCompile>
    <ClCompile Include="Exit.cpp">
      <Filter>Source Files</Filter>
    </ClCompile>
    <ClCompile Include="Introduction.cpp">
      <Filter>Source Files</Filter>
    </ClCompile>
    <ClCompile Include="Choosing.cpp">
      <Filter>Source Files</Filter>
    </ClCompile>
    <ClCompile Include="HighScore.cpp">
      <Filter>Source Files</Filter>
    </ClCompile>
    <ClCompile Include="SoundIcon.cpp">
      <Filter>Source Files</Filter>
    </ClCompile>
    <ClCompile Include="GAME_OVER_WON.cpp">
      <Filter>Source Files</Filter>
    </ClCompile>
    <ClCompile Include="GameOverDead.cpp">
      <Filter>Source Files</Filter>
    </ClCompile>
    <ClCompile Include="GameOverJail.cpp">
      <Filter>Source Files</Filter>
    </ClCompile>
    <ClCompile Include="EnterScore.cpp">
      <Filter>Source Files</Filter>
    </ClCompile>
    <ClCompile Include="Tile.cpp">
      <Filter>Source Files</Filter>
    </ClCompile>
    <ClCompile Include="CollisionHandling.cpp">
      <Filter>Source Files</Filter>
    </ClCompile>
    <ClCompile Include="Bird.cpp">
      <Filter>Source Files</Filter>
    </ClCompile>
    <ClCompile Include="Wolf.cpp">
      <Filter>Source Files</Filter>
    </ClCompile>
    <ClCompile Include="Lion.cpp">
      <Filter>Source Files</Filter>
    </ClCompile>
  </ItemGroup>
  <ItemGroup>
    <ClInclude Include="Screens.h">
      <Filter>Header Files</Filter>
    </ClInclude>
    <ClInclude Include="DynamicIcon.h">
      <Filter>Header Files</Filter>
    </ClInclude>
    <ClInclude Include="StaticIcon.h">
      <Filter>Header Files</Filter>
    </ClInclude>
    <ClInclude Include="Food.h">
      <Filter>Header Files</Filter>
    </ClInclude>
    <ClInclude Include="Character.h">
      <Filter>Header Files</Filter>
    </ClInclude>
    <ClInclude Include="PoliceMan.h">
      <Filter>Header Files</Filter>
    </ClInclude>
    <ClInclude Include="Pablo.h">
      <Filter>Header Files</Filter>
    </ClInclude>
    <ClInclude Include="Gacha.h">
      <Filter>Header Files</Filter>
    </ClInclude>
    <ClInclude Include="Dea.h">
      <Filter>Header Files</Filter>
    </ClInclude>
    <ClInclude Include="Map.h">
      <Filter>Header Files</Filter>
    </ClInclude>
    <ClInclude Include="FileManager.h">
      <Filter>Header Files</Filter>
    </ClInclude>
    <ClInclude Include="Gun.h">
      <Filter>Header Files</Filter>
    </ClInclude>
    <ClInclude Include="Bullet.h">
      <Filter>Header Files</Filter>
    </ClInclude>
    <ClInclude Include="Weed.h">
      <Filter>Header Files</Filter>
    </ClInclude>
    <ClInclude Include="Coc.h">
      <Filter>Header Files</Filter>
    </ClInclude>
    <ClInclude Include="Beer.h">
      <Filter>Header Files</Filter>
    </ClInclude>
    <ClInclude Include="Animal.h">
      <Filter>Header Files</Filter>
    </ClInclude>
    <ClInclude Include="Tile.h">
      <Filter>Header Files</Filter>
    </ClInclude>
    <ClInclude Include="Ground1.h">
      <Filter>Header Files</Filter>
    </ClInclude>
    <ClInclude Include="Controller.h">
      <Filter>Header Files</Filter>
    </ClInclude>
    <ClInclude Include="Collectable.h">
      <Filter>Header Files</Filter>
    </ClInclude>
    <ClInclude Include="Level.h">
      <Filter>Header Files</Filter>
    </ClInclude>
    <ClInclude Include="Cave.h">
      <Filter>Header Files</Filter>
    </ClInclude>
    <ClInclude Include="FactoryDynamic.h">
      <Filter>Header Files</Filter>
    </ClInclude>
    <ClInclude Include="FactoryStatic.h">
      <Filter>Header Files</Filter>
    </ClInclude>
    <ClInclude Include="State.h">
      <Filter>Header Files</Filter>
    </ClInclude>
    <ClInclude Include="AttackingState.h">
      <Filter>Header Files</Filter>
    </ClInclude>
    <ClInclude Include="JumpingState.h">
      <Filter>Header Files</Filter>
    </ClInclude>
    <ClInclude Include="StandingState.h">
      <Filter>Header Files</Filter>
    </ClInclude>
    <ClInclude Include="Enemy.h">
      <Filter>Header Files</Filter>
    </ClInclude>
    <ClInclude Include="Attack.h">
      <Filter>Header Files</Filter>
    </ClInclude>
    <ClInclude Include="Bite.h">
      <Filter>Header Files</Filter>
    </ClInclude>
    <ClInclude Include="Stabing.h">
      <Filter>Header Files</Filter>
    </ClInclude>
    <ClInclude Include="Shooting.h">
      <Filter>Header Files</Filter>
    </ClInclude>
    <ClInclude Include="Move.h">
      <Filter>Header Files</Filter>
    </ClInclude>
    <ClInclude Include="PlayerMove.h">
      <Filter>Header Files</Filter>
    </ClInclude>
    <ClInclude Include="S2sMove.h">
      <Filter>Header Files</Filter>
    </ClInclude>
    <ClInclude Include="Player.h">
      <Filter>Header Files</Filter>
    </ClInclude>
    <ClInclude Include="Bomb.h">
      <Filter>Header Files</Filter>
    </ClInclude>
    <ClInclude Include="MoveStraight.h">
      <Filter>Header Files</Filter>
    </ClInclude>
    <ClInclude Include="TNT.h">
      <Filter>Header Files</Filter>
    </ClInclude>
    <ClInclude Include="LeftWalking.h">
      <Filter>Header Files</Filter>
    </ClInclude>
    <ClInclude Include="RightWalking.h">
      <Filter>Header Files</Filter>
    </ClInclude>
    <ClInclude Include="Knife.h">
      <Filter>Header Files</Filter>
    </ClInclude>
    <ClInclude Include="PoilceStation.h">
      <Filter>Header Files</Filter>
    </ClInclude>
    <ClInclude Include="Coin.h">
      <Filter>Header Files</Filter>
    </ClInclude>
    <ClInclude Include="Money.h">
      <Filter>Header Files</Filter>
    </ClInclude>
    <ClInclude Include="MoneyBag.h">
      <Filter>Header Files</Filter>
    </ClInclude>
    <ClInclude Include="Energy.h">
      <Filter>Header Files</Filter>
    </ClInclude>
    <ClInclude Include="FootBall.h">
      <Filter>Header Files</Filter>
    </ClInclude>
    <ClInclude Include="SoccerFrame.h">
      <Filter>Header Files</Filter>
    </ClInclude>
    <ClInclude Include="Exceptions.h">
      <Filter>Header Files</Filter>
    </ClInclude>
    <ClInclude Include="PlayerState.h">
      <Filter>Header Files</Filter>
    </ClInclude>
    <ClInclude Include="Menu.h">
      <Filter>Header Files</Filter>
    </ClInclude>
    <ClInclude Include="Command.h">
      <Filter>Header Files</Filter>
    </ClInclude>
    <ClInclude Include="NewGame.h">
      <Filter>Header Files</Filter>
    </ClInclude>
    <ClInclude Include="Exit.h">
      <Filter>Header Files</Filter>
    </ClInclude>
    <ClInclude Include="Introduction.h">
      <Filter>Header Files</Filter>
    </ClInclude>
    <ClInclude Include="Choosing.h">
      <Filter>Header Files</Filter>
    </ClInclude>
    <ClInclude Include="HighScore.h">
      <Filter>Header Files</Filter>
    </ClInclude>
    <ClInclude Include="SoundIcon.h">
      <Filter>Header Files</Filter>
    </ClInclude>
    <ClInclude Include="GAME_OVER_WON.h">
      <Filter>Header Files</Filter>
    </ClInclude>
    <ClInclude Include="GameOverDead.h">
      <Filter>Header Files</Filter>
    </ClInclude>
    <ClInclude Include="GameOverJail.h">
      <Filter>Header Files</Filter>
    </ClInclude>
    <ClInclude Include="EnterScore.h">
      <Filter>Header Files</Filter>
    </ClInclude>
    <ClInclude Include="CollisionHandling.h">
      <Filter>Header Files</Filter>
    </ClInclude>
    <ClInclude Include="Bird.h">
      <Filter>Header Files</Filter>
    </ClInclude>
    <ClInclude Include="Wolf.h">
      <Filter>Header Files</Filter>
    </ClInclude>
    <ClInclude Include="Lion.h">
      <Filter>Header Files</Filter>
    </ClInclude>
    <ClInclude Include="Execute.h">
      <Filter>Header Files</Filter>
    </ClInclude>
  </ItemGroup>
  <ItemGroup>
    <None Include="ClassDiagram.cd" />
    <None Include="ClassDiagram1.cd" />
    <None Include="ClassDiagram2.cd" />
    <None Include="ClassDiagram3.cd" />
    <None Include="ClassDiagram4.cd" />
  </ItemGroup>
</Project>